<Solution>
  <Folder Name="/src/">
    <Project Path="src/MapWright.Ai/MapWright.Ai.csproj" />
    <Project Path="src/MapWright.Api/MapWright.Api.csproj" />
    <Project Path="src/MapWright.Cli/MapWright.Cli.csproj" />
    <Project Path="src/MapWright.Core/MapWright.Core.csproj" />
    <Project Path="src/MapWright.Output/MapWright.Output.csproj" />
    <Project Path="src/MapWright.Store/MapWright.Store.csproj" />
  </Folder>
  <Folder Name="/tests/">
    <Project Path="tests/MapWright.Tests/MapWright.Tests.csproj" />
  </Folder>
</Solution>
